{
  "name": "sky-office-types",
  "version": "1.0.0",
  "lockfileVersion": 3,
  "requires": true,
  "packages": {
    "": {
      "name": "sky-office-types",
      "version": "1.0.0",
      "license": "MIT",
      "dependencies": {
        "@colyseus/schema": "^1.0.28"
      }
    },
    "node_modules/@colyseus/schema": {
      "version": "1.0.46",
      "resolved": "https://registry.npmjs.org/@colyseus/schema/-/schema-1.0.46.tgz",
      "integrity": "sha512-0cgirRomXDuDlppgJPXDLzsWw8/ZHwJEnndgzyX9hOCoFHJyFIyOYoKIV4eVPtKNQm6l6rGax1rE2LId4ujr4g==",
      "bin": {
        "schema-codegen": "bin/schema-codegen"
      }
    }
  }
}
